
Microsoft Visual Studio Solution File, Format Version 12.00
# Visual Studio Version 17
VisualStudioVersion = 17.7.34018.315
MinimumVisualStudioVersion = 10.0.40219.1
Project("{FAE04EC0-301F-11D3-BF4B-00C04F79EFBC}") = "ChessBoard", "ChessBoard.csproj", "{C0B04B7B-9CA8-4BE1-9AF7-2B9BA28FF671}"
EndProject
Global
	GlobalSection(SolutionConfigurationPlatforms) = preSolution
		Debug|Any CPU = Debug|Any CPU
		Release|Any CPU = Release|Any CPU
	EndGlobalSection
	GlobalSection(ProjectConfigurationPlatforms) = postSolution
		{C0B04B7B-9CA8-4BE1-9AF7-2B9BA28FF671}.Debug|Any CPU.ActiveCfg = Debug|Any CPU
		{C0B04B7B-9CA8-4BE1-9AF7-2B9BA28FF671}.Debug|Any CPU.Build.0 = Debug|Any CPU
		{C0B04B7B-9CA8-4BE1-9AF7-2B9BA28FF671}.Release|Any CPU.ActiveCfg = Release|Any CPU
		{C0B04B7B-9CA8-4BE1-9AF7-2B9BA28FF671}.Release|Any CPU.Build.0 = Release|Any CPU
	EndGlobalSection
	GlobalSection(SolutionProperties) = preSolution
		HideSolutionNode = FALSE
	EndGlobalSection
	GlobalSection(ExtensibilityGlobals) = postSolution
		SolutionGuid = {5A9BDA07-22CD-4E4F-A5C2-59F42A0288E2}
	EndGlobalSection
EndGlobal
